
Microsoft Visual Studio Solution File, Format Version 12.00
# Visual Studio Version 17
VisualStudioVersion = 17.0.31903.59
MinimumVisualStudioVersion = 10.0.40219.1
Project("{FAE04EC0-301F-11D3-BF4B-00C04F79EFBC}") = "IdentityService", "IdentityService\IdentityService.csproj", "{F8E8E7AF-B776-447F-A33B-29B59F7F41F8}"
EndProject
Project("{FAE04EC0-301F-11D3-BF4B-00C04F79EFBC}") = "CoreLib", "CoreLib\CoreLib.csproj", "{F5FC356C-A80C-4732-8B12-69089A1281D0}"
EndProject
Project("{FAE04EC0-301F-11D3-BF4B-00C04F79EFBC}") = "IdentityService.API", "IdentityService.API\IdentityService.API.csproj", "{5C2B57F4-251B-467D-AF3D-5919F8D4072F}"
EndProject
Project("{FAE04EC0-301F-11D3-BF4B-00C04F79EFBC}") = "IdentityService.Application", "IdentityService.Application\IdentityService.Application.csproj", "{E5D72FEE-5484-4C55-89C1-3D2E1C9EE778}"
EndProject
Project("{FAE04EC0-301F-11D3-BF4B-00C04F79EFBC}") = "IdentityService.Infrastructure", "IdentityService.Infrastructure\IdentityService.Infrastructure.csproj", "{D3A07F32-764A-44FC-850F-ECDF42258040}"
EndProject
Project("{FAE04EC0-301F-11D3-BF4B-00C04F79EFBC}") = "PostService.Domain", "PostService.Domain\PostService.Domain.csproj", "{C1C8B076-1495-4A99-892B-7386FD790A92}"
EndProject
Project("{FAE04EC0-301F-11D3-BF4B-00C04F79EFBC}") = "PostService.Application", "PostService.Application\PostService.Application.csproj", "{6AE69666-81FE-40FD-84ED-60218C2BF56B}"
EndProject
Project("{FAE04EC0-301F-11D3-BF4B-00C04F79EFBC}") = "PostService.Infrastructure", "PostService.Infrastructure\PostService.Infrastructure.csproj", "{821CB4E6-BA34-468E-92B5-E3F8AB5900E5}"
EndProject
Project("{FAE04EC0-301F-11D3-BF4B-00C04F79EFBC}") = "PostService.API", "PostService.API\PostService.API.csproj", "{65E91482-AA29-4EFB-AB77-4909FC078454}"
EndProject
Global
	GlobalSection(SolutionConfigurationPlatforms) = preSolution
		Debug|Any CPU = Debug|Any CPU
		Debug|x64 = Debug|x64
		Debug|x86 = Debug|x86
		Release|Any CPU = Release|Any CPU
		Release|x64 = Release|x64
		Release|x86 = Release|x86
	EndGlobalSection
	GlobalSection(ProjectConfigurationPlatforms) = postSolution
		{F8E8E7AF-B776-447F-A33B-29B59F7F41F8}.Debug|Any CPU.ActiveCfg = Debug|Any CPU
		{F8E8E7AF-B776-447F-A33B-29B59F7F41F8}.Debug|Any CPU.Build.0 = Debug|Any CPU
		{F8E8E7AF-B776-447F-A33B-29B59F7F41F8}.Debug|x64.ActiveCfg = Debug|Any CPU
		{F8E8E7AF-B776-447F-A33B-29B59F7F41F8}.Debug|x64.Build.0 = Debug|Any CPU
		{F8E8E7AF-B776-447F-A33B-29B59F7F41F8}.Debug|x86.ActiveCfg = Debug|Any CPU
		{F8E8E7AF-B776-447F-A33B-29B59F7F41F8}.Debug|x86.Build.0 = Debug|Any CPU
		{F8E8E7AF-B776-447F-A33B-29B59F7F41F8}.Release|Any CPU.ActiveCfg = Release|Any CPU
		{F8E8E7AF-B776-447F-A33B-29B59F7F41F8}.Release|Any CPU.Build.0 = Release|Any CPU
		{F8E8E7AF-B776-447F-A33B-29B59F7F41F8}.Release|x64.ActiveCfg = Release|Any CPU
		{F8E8E7AF-B776-447F-A33B-29B59F7F41F8}.Release|x64.Build.0 = Release|Any CPU
		{F8E8E7AF-B776-447F-A33B-29B59F7F41F8}.Release|x86.ActiveCfg = Release|Any CPU
		{F8E8E7AF-B776-447F-A33B-29B59F7F41F8}.Release|x86.Build.0 = Release|Any CPU
		{F5FC356C-A80C-4732-8B12-69089A1281D0}.Debug|Any CPU.ActiveCfg = Debug|Any CPU
		{F5FC356C-A80C-4732-8B12-69089A1281D0}.Debug|Any CPU.Build.0 = Debug|Any CPU
		{F5FC356C-A80C-4732-8B12-69089A1281D0}.Debug|x64.ActiveCfg = Debug|Any CPU
		{F5FC356C-A80C-4732-8B12-69089A1281D0}.Debug|x64.Build.0 = Debug|Any CPU
		{F5FC356C-A80C-4732-8B12-69089A1281D0}.Debug|x86.ActiveCfg = Debug|Any CPU
		{F5FC356C-A80C-4732-8B12-69089A1281D0}.Debug|x86.Build.0 = Debug|Any CPU
		{F5FC356C-A80C-4732-8B12-69089A1281D0}.Release|Any CPU.ActiveCfg = Release|Any CPU
		{F5FC356C-A80C-4732-8B12-69089A1281D0}.Release|Any CPU.Build.0 = Release|Any CPU
		{F5FC356C-A80C-4732-8B12-69089A1281D0}.Release|x64.ActiveCfg = Release|Any CPU
		{F5FC356C-A80C-4732-8B12-69089A1281D0}.Release|x64.Build.0 = Release|Any CPU
		{F5FC356C-A80C-4732-8B12-69089A1281D0}.Release|x86.ActiveCfg = Release|Any CPU
		{F5FC356C-A80C-4732-8B12-69089A1281D0}.Release|x86.Build.0 = Release|Any CPU
		{5C2B57F4-251B-467D-AF3D-5919F8D4072F}.Debug|Any CPU.ActiveCfg = Debug|Any CPU
		{5C2B57F4-251B-467D-AF3D-5919F8D4072F}.Debug|Any CPU.Build.0 = Debug|Any CPU
		{5C2B57F4-251B-467D-AF3D-5919F8D4072F}.Debug|x64.ActiveCfg = Debug|Any CPU
		{5C2B57F4-251B-467D-AF3D-5919F8D4072F}.Debug|x64.Build.0 = Debug|Any CPU
		{5C2B57F4-251B-467D-AF3D-5919F8D4072F}.Debug|x86.ActiveCfg = Debug|Any CPU
		{5C2B57F4-251B-467D-AF3D-5919F8D4072F}.Debug|x86.Build.0 = Debug|Any CPU
		{5C2B57F4-251B-467D-AF3D-5919F8D4072F}.Release|Any CPU.ActiveCfg = Release|Any CPU
		{5C2B57F4-251B-467D-AF3D-5919F8D4072F}.Release|Any CPU.Build.0 = Release|Any CPU
		{5C2B57F4-251B-467D-AF3D-5919F8D4072F}.Release|x64.ActiveCfg = Release|Any CPU
		{5C2B57F4-251B-467D-AF3D-5919F8D4072F}.Release|x64.Build.0 = Release|Any CPU
		{5C2B57F4-251B-467D-AF3D-5919F8D4072F}.Release|x86.ActiveCfg = Release|Any CPU
		{5C2B57F4-251B-467D-AF3D-5919F8D4072F}.Release|x86.Build.0 = Release|Any CPU
		{E5D72FEE-5484-4C55-89C1-3D2E1C9EE778}.Debug|Any CPU.ActiveCfg = Debug|Any CPU
		{E5D72FEE-5484-4C55-89C1-3D2E1C9EE778}.Debug|Any CPU.Build.0 = Debug|Any CPU
		{E5D72FEE-5484-4C55-89C1-3D2E1C9EE778}.Debug|x64.ActiveCfg = Debug|Any CPU
		{E5D72FEE-5484-4C55-89C1-3D2E1C9EE778}.Debug|x64.Build.0 = Debug|Any CPU
		{E5D72FEE-5484-4C55-89C1-3D2E1C9EE778}.Debug|x86.ActiveCfg = Debug|Any CPU
		{E5D72FEE-5484-4C55-89C1-3D2E1C9EE778}.Debug|x86.Build.0 = Debug|Any CPU
		{E5D72FEE-5484-4C55-89C1-3D2E1C9EE778}.Release|Any CPU.ActiveCfg = Release|Any CPU
		{E5D72FEE-5484-4C55-89C1-3D2E1C9EE778}.Release|Any CPU.Build.0 = Release|Any CPU
		{E5D72FEE-5484-4C55-89C1-3D2E1C9EE778}.Release|x64.ActiveCfg = Release|Any CPU
		{E5D72FEE-5484-4C55-89C1-3D2E1C9EE778}.Release|x64.Build.0 = Release|Any CPU
		{E5D72FEE-5484-4C55-89C1-3D2E1C9EE778}.Release|x86.ActiveCfg = Release|Any CPU
		{E5D72FEE-5484-4C55-89C1-3D2E1C9EE778}.Release|x86.Build.0 = Release|Any CPU
		{D3A07F32-764A-44FC-850F-ECDF42258040}.Debug|Any CPU.ActiveCfg = Debug|Any CPU
		{D3A07F32-764A-44FC-850F-ECDF42258040}.Debug|Any CPU.Build.0 = Debug|Any CPU
		{D3A07F32-764A-44FC-850F-ECDF42258040}.Debug|x64.ActiveCfg = Debug|Any CPU
		{D3A07F32-764A-44FC-850F-ECDF42258040}.Debug|x64.Build.0 = Debug|Any CPU
		{D3A07F32-764A-44FC-850F-ECDF42258040}.Debug|x86.ActiveCfg = Debug|Any CPU
		{D3A07F32-764A-44FC-850F-ECDF42258040}.Debug|x86.Build.0 = Debug|Any CPU
		{D3A07F32-764A-44FC-850F-ECDF42258040}.Release|Any CPU.ActiveCfg = Release|Any CPU
		{D3A07F32-764A-44FC-850F-ECDF42258040}.Release|Any CPU.Build.0 = Release|Any CPU
		{D3A07F32-764A-44FC-850F-ECDF42258040}.Release|x64.ActiveCfg = Release|Any CPU
		{D3A07F32-764A-44FC-850F-ECDF42258040}.Release|x64.Build.0 = Release|Any CPU
		{D3A07F32-764A-44FC-850F-ECDF42258040}.Release|x86.ActiveCfg = Release|Any CPU
		{D3A07F32-764A-44FC-850F-ECDF42258040}.Release|x86.Build.0 = Release|Any CPU
		{C1C8B076-1495-4A99-892B-7386FD790A92}.Debug|Any CPU.ActiveCfg = Debug|Any CPU
		{C1C8B076-1495-4A99-892B-7386FD790A92}.Debug|Any CPU.Build.0 = Debug|Any CPU
		{C1C8B076-1495-4A99-892B-7386FD790A92}.Debug|x64.ActiveCfg = Debug|Any CPU
		{C1C8B076-1495-4A99-892B-7386FD790A92}.Debug|x64.Build.0 = Debug|Any CPU
		{C1C8B076-1495-4A99-892B-7386FD790A92}.Debug|x86.ActiveCfg = Debug|Any CPU
		{C1C8B076-1495-4A99-892B-7386FD790A92}.Debug|x86.Build.0 = Debug|Any CPU
		{C1C8B076-1495-4A99-892B-7386FD790A92}.Release|Any CPU.ActiveCfg = Release|Any CPU
		{C1C8B076-1495-4A99-892B-7386FD790A92}.Release|Any CPU.Build.0 = Release|Any CPU
		{C1C8B076-1495-4A99-892B-7386FD790A92}.Release|x64.ActiveCfg = Release|Any CPU
		{C1C8B076-1495-4A99-892B-7386FD790A92}.Release|x64.Build.0 = Release|Any CPU
		{C1C8B076-1495-4A99-892B-7386FD790A92}.Release|x86.ActiveCfg = Release|Any CPU
		{C1C8B076-1495-4A99-892B-7386FD790A92}.Release|x86.Build.0 = Release|Any CPU
		{6AE69666-81FE-40FD-84ED-60218C2BF56B}.Debug|Any CPU.ActiveCfg = Debug|Any CPU
		{6AE69666-81FE-40FD-84ED-60218C2BF56B}.Debug|Any CPU.Build.0 = Debug|Any CPU
		{6AE69666-81FE-40FD-84ED-60218C2BF56B}.Debug|x64.ActiveCfg = Debug|Any CPU
		{6AE69666-81FE-40FD-84ED-60218C2BF56B}.Debug|x64.Build.0 = Debug|Any CPU
		{6AE69666-81FE-40FD-84ED-60218C2BF56B}.Debug|x86.ActiveCfg = Debug|Any CPU
		{6AE69666-81FE-40FD-84ED-60218C2BF56B}.Debug|x86.Build.0 = Debug|Any CPU
		{6AE69666-81FE-40FD-84ED-60218C2BF56B}.Release|Any CPU.ActiveCfg = Release|Any CPU
		{6AE69666-81FE-40FD-84ED-60218C2BF56B}.Release|Any CPU.Build.0 = Release|Any CPU
		{6AE69666-81FE-40FD-84ED-60218C2BF56B}.Release|x64.ActiveCfg = Release|Any CPU
		{6AE69666-81FE-40FD-84ED-60218C2BF56B}.Release|x64.Build.0 = Release|Any CPU
		{6AE69666-81FE-40FD-84ED-60218C2BF56B}.Release|x86.ActiveCfg = Release|Any CPU
		{6AE69666-81FE-40FD-84ED-60218C2BF56B}.Release|x86.Build.0 = Release|Any CPU
		{821CB4E6-BA34-468E-92B5-E3F8AB5900E5}.Debug|Any CPU.ActiveCfg = Debug|Any CPU
		{821CB4E6-BA34-468E-92B5-E3F8AB5900E5}.Debug|Any CPU.Build.0 = Debug|Any CPU
		{821CB4E6-BA34-468E-92B5-E3F8AB5900E5}.Debug|x64.ActiveCfg = Debug|Any CPU
		{821CB4E6-BA34-468E-92B5-E3F8AB5900E5}.Debug|x64.Build.0 = Debug|Any CPU
		{821CB4E6-BA34-468E-92B5-E3F8AB5900E5}.Debug|x86.ActiveCfg = Debug|Any CPU
		{821CB4E6-BA34-468E-92B5-E3F8AB5900E5}.Debug|x86.Build.0 = Debug|Any CPU
		{821CB4E6-BA34-468E-92B5-E3F8AB5900E5}.Release|Any CPU.ActiveCfg = Release|Any CPU
		{821CB4E6-BA34-468E-92B5-E3F8AB5900E5}.Release|Any CPU.Build.0 = Release|Any CPU
		{821CB4E6-BA34-468E-92B5-E3F8AB5900E5}.Release|x64.ActiveCfg = Release|Any CPU
		{821CB4E6-BA34-468E-92B5-E3F8AB5900E5}.Release|x64.Build.0 = Release|Any CPU
		{821CB4E6-BA34-468E-92B5-E3F8AB5900E5}.Release|x86.ActiveCfg = Release|Any CPU
		{821CB4E6-BA34-468E-92B5-E3F8AB5900E5}.Release|x86.Build.0 = Release|Any CPU
		{65E91482-AA29-4EFB-AB77-4909FC078454}.Debug|Any CPU.ActiveCfg = Debug|Any CPU
		{65E91482-AA29-4EFB-AB77-4909FC078454}.Debug|Any CPU.Build.0 = Debug|Any CPU
		{65E91482-AA29-4EFB-AB77-4909FC078454}.Debug|x64.ActiveCfg = Debug|Any CPU
		{65E91482-AA29-4EFB-AB77-4909FC078454}.Debug|x64.Build.0 = Debug|Any CPU
		{65E91482-AA29-4EFB-AB77-4909FC078454}.Debug|x86.ActiveCfg = Debug|Any CPU
		{65E91482-AA29-4EFB-AB77-4909FC078454}.Debug|x86.Build.0 = Debug|Any CPU
		{65E91482-AA29-4EFB-AB77-4909FC078454}.Release|Any CPU.ActiveCfg = Release|Any CPU
		{65E91482-AA29-4EFB-AB77-4909FC078454}.Release|Any CPU.Build.0 = Release|Any CPU
		{65E91482-AA29-4EFB-AB77-4909FC078454}.Release|x64.ActiveCfg = Release|Any CPU
		{65E91482-AA29-4EFB-AB77-4909FC078454}.Release|x64.Build.0 = Release|Any CPU
		{65E91482-AA29-4EFB-AB77-4909FC078454}.Release|x86.ActiveCfg = Release|Any CPU
		{65E91482-AA29-4EFB-AB77-4909FC078454}.Release|x86.Build.0 = Release|Any CPU
	EndGlobalSection
	GlobalSection(SolutionProperties) = preSolution
		HideSolutionNode = FALSE
	EndGlobalSection
EndGlobal
